{
  "name": "@shapeshift-labs/frontier-lang-compiler",
  "version": "0.2.2",
  "lockfileVersion": 3,
  "requires": true,
  "packages": {
    "": {
      "name": "@shapeshift-labs/frontier-lang-compiler",
      "version": "0.2.2",
      "license": "MIT",
      "dependencies": {
        "@shapeshift-labs/frontier-lang-c": "0.2.0",
        "@shapeshift-labs/frontier-lang-checker": "0.3.0",
        "@shapeshift-labs/frontier-lang-javascript": "0.2.0",
        "@shapeshift-labs/frontier-lang-kernel": "0.3.1",
        "@shapeshift-labs/frontier-lang-parser": "0.3.0",
        "@shapeshift-labs/frontier-lang-python": "0.2.0",
        "@shapeshift-labs/frontier-lang-rust": "0.2.0",
        "@shapeshift-labs/frontier-lang-typescript": "0.3.0"
      },
      "devDependencies": {
        "typescript": "^5.9.3"
      }
    },
    "node_modules/@shapeshift-labs/frontier-lang-c": {
      "version": "0.2.0",
      "resolved": "https://registry.npmjs.org/@shapeshift-labs/frontier-lang-c/-/frontier-lang-c-0.2.0.tgz",
      "integrity": "sha512-3+YWfRhK5F1ydR91B6LKuZwWGmEtw546nTusAMS0NH+5qL2ytyIH4/Os+9G01oUxfb9QfaDx1yKaY70buMwJgw==",
      "license": "MIT",
      "dependencies": {
        "@shapeshift-labs/frontier-lang-kernel": "0.3.0"
      }
    },
    "node_modules/@shapeshift-labs/frontier-lang-c/node_modules/@shapeshift-labs/frontier-lang-kernel": {
      "version": "0.3.0",
      "resolved": "https://registry.npmjs.org/@shapeshift-labs/frontier-lang-kernel/-/frontier-lang-kernel-0.3.0.tgz",
      "integrity": "sha512-DbANG0/vxTAQLzorhQpFpN5aPaLJadtBFkG5TydMVV9i8nF76I4AOr7Q6M4SIHDkdgHIIpBy9/BW5xA+vOxXgA==",
      "license": "MIT"
    },
    "node_modules/@shapeshift-labs/frontier-lang-checker": {
      "version": "0.3.0",
      "resolved": "https://registry.npmjs.org/@shapeshift-labs/frontier-lang-checker/-/frontier-lang-checker-0.3.0.tgz",
      "integrity": "sha512-7RvHuJYoO6Wg896JlLlFUNh/D2+HGK9tBpkUfeLA0V/C4pMwSyJ+27CjWmZFt22TiGrEHuglGZurU+jpH9DCbQ==",
      "license": "MIT",
      "dependencies": {
        "@shapeshift-labs/frontier-lang-kernel": "0.3.0"
      }
    },
    "node_modules/@shapeshift-labs/frontier-lang-checker/node_modules/@shapeshift-labs/frontier-lang-kernel": {
      "version": "0.3.0",
      "resolved": "https://registry.npmjs.org/@shapeshift-labs/frontier-lang-kernel/-/frontier-lang-kernel-0.3.0.tgz",
      "integrity": "sha512-DbANG0/vxTAQLzorhQpFpN5aPaLJadtBFkG5TydMVV9i8nF76I4AOr7Q6M4SIHDkdgHIIpBy9/BW5xA+vOxXgA==",
      "license": "MIT"
    },
    "node_modules/@shapeshift-labs/frontier-lang-javascript": {
      "version": "0.2.0",
      "resolved": "https://registry.npmjs.org/@shapeshift-labs/frontier-lang-javascript/-/frontier-lang-javascript-0.2.0.tgz",
      "integrity": "sha512-tsy5iUTtdMU9TiNvTJP8hwyTKTOrihSeLHbsmhH+yuw3jjnUIo2tvX6AxDGEzDoyg78l1+P+jELgcuK4WuDdtw==",
      "license": "MIT",
      "dependencies": {
        "@shapeshift-labs/frontier-lang-kernel": "0.3.0"
      }
    },
    "node_modules/@shapeshift-labs/frontier-lang-javascript/node_modules/@shapeshift-labs/frontier-lang-kernel": {
      "version": "0.3.0",
      "resolved": "https://registry.npmjs.org/@shapeshift-labs/frontier-lang-kernel/-/frontier-lang-kernel-0.3.0.tgz",
      "integrity": "sha512-DbANG0/vxTAQLzorhQpFpN5aPaLJadtBFkG5TydMVV9i8nF76I4AOr7Q6M4SIHDkdgHIIpBy9/BW5xA+vOxXgA==",
      "license": "MIT"
    },
    "node_modules/@shapeshift-labs/frontier-lang-kernel": {
      "version": "0.3.1",
      "resolved": "https://registry.npmjs.org/@shapeshift-labs/frontier-lang-kernel/-/frontier-lang-kernel-0.3.1.tgz",
      "integrity": "sha512-kwR55K2rd1QA9AqpT2Lu8eezTv7rxCTsxpTjbV/+q1/b312MskrxjS03oco/5+rssj8DmSG3DnhMN6nNCUMXpg==",
      "license": "MIT"
    },
    "node_modules/@shapeshift-labs/frontier-lang-parser": {
      "version": "0.3.0",
      "resolved": "https://registry.npmjs.org/@shapeshift-labs/frontier-lang-parser/-/frontier-lang-parser-0.3.0.tgz",
      "integrity": "sha512-nRZsNif/KbW3/++Uq3B1Z+Raz/3RDuqoXNovrVwFNiLg3IJYjKdZ2DbJGoTtF+Q/YCzNIBAUAbSx7jiyOagRyw==",
      "license": "MIT",
      "dependencies": {
        "@shapeshift-labs/frontier-lang-kernel": "0.3.0"
      }
    },
    "node_modules/@shapeshift-labs/frontier-lang-parser/node_modules/@shapeshift-labs/frontier-lang-kernel": {
      "version": "0.3.0",
      "resolved": "https://registry.npmjs.org/@shapeshift-labs/frontier-lang-kernel/-/frontier-lang-kernel-0.3.0.tgz",
      "integrity": "sha512-DbANG0/vxTAQLzorhQpFpN5aPaLJadtBFkG5TydMVV9i8nF76I4AOr7Q6M4SIHDkdgHIIpBy9/BW5xA+vOxXgA==",
      "license": "MIT"
    },
    "node_modules/@shapeshift-labs/frontier-lang-python": {
      "version": "0.2.0",
      "resolved": "https://registry.npmjs.org/@shapeshift-labs/frontier-lang-python/-/frontier-lang-python-0.2.0.tgz",
      "integrity": "sha512-HFcAyaKah/rBuEGmN8RhK14DHZ7yulGO38sg1ZbZ+yAB0guUAcRx/ju4xDRDfilkxhUlXFC7GXhIRE4FeJhzuw==",
      "license": "MIT",
      "dependencies": {
        "@shapeshift-labs/frontier-lang-kernel": "0.3.0"
      }
    },
    "node_modules/@shapeshift-labs/frontier-lang-python/node_modules/@shapeshift-labs/frontier-lang-kernel": {
      "version": "0.3.0",
      "resolved": "https://registry.npmjs.org/@shapeshift-labs/frontier-lang-kernel/-/frontier-lang-kernel-0.3.0.tgz",
      "integrity": "sha512-DbANG0/vxTAQLzorhQpFpN5aPaLJadtBFkG5TydMVV9i8nF76I4AOr7Q6M4SIHDkdgHIIpBy9/BW5xA+vOxXgA==",
      "license": "MIT"
    },
    "node_modules/@shapeshift-labs/frontier-lang-rust": {
      "version": "0.2.0",
      "resolved": "https://registry.npmjs.org/@shapeshift-labs/frontier-lang-rust/-/frontier-lang-rust-0.2.0.tgz",
      "integrity": "sha512-2DQ83vUFuOFbgHH5Sh3/mBRnY7ulSjYV/FyF3rmo3Ek4/n+zdRszUy2TvpUAXv6mK2BbUyYB/SpJ6boCpsiMcg==",
      "license": "MIT",
      "dependencies": {
        "@shapeshift-labs/frontier-lang-kernel": "0.3.0"
      }
    },
    "node_modules/@shapeshift-labs/frontier-lang-rust/node_modules/@shapeshift-labs/frontier-lang-kernel": {
      "version": "0.3.0",
      "resolved": "https://registry.npmjs.org/@shapeshift-labs/frontier-lang-kernel/-/frontier-lang-kernel-0.3.0.tgz",
      "integrity": "sha512-DbANG0/vxTAQLzorhQpFpN5aPaLJadtBFkG5TydMVV9i8nF76I4AOr7Q6M4SIHDkdgHIIpBy9/BW5xA+vOxXgA==",
      "license": "MIT"
    },
    "node_modules/@shapeshift-labs/frontier-lang-typescript": {
      "version": "0.3.0",
      "resolved": "https://registry.npmjs.org/@shapeshift-labs/frontier-lang-typescript/-/frontier-lang-typescript-0.3.0.tgz",
      "integrity": "sha512-BFwxCEIqpq1H/cKLvc+qozMH3yvD1T+RuW+NhCsN4eoioFkC2S3H8w1KNQ+HMXI1d9jCzhc+wAGi40eT/rCPhw==",
      "license": "MIT",
      "dependencies": {
        "@shapeshift-labs/frontier-lang-kernel": "0.3.0"
      }
    },
    "node_modules/@shapeshift-labs/frontier-lang-typescript/node_modules/@shapeshift-labs/frontier-lang-kernel": {
      "version": "0.3.0",
      "resolved": "https://registry.npmjs.org/@shapeshift-labs/frontier-lang-kernel/-/frontier-lang-kernel-0.3.0.tgz",
      "integrity": "sha512-DbANG0/vxTAQLzorhQpFpN5aPaLJadtBFkG5TydMVV9i8nF76I4AOr7Q6M4SIHDkdgHIIpBy9/BW5xA+vOxXgA==",
      "license": "MIT"
    },
    "node_modules/typescript": {
      "version": "5.9.3",
      "resolved": "https://registry.npmjs.org/typescript/-/typescript-5.9.3.tgz",
      "integrity": "sha512-jl1vZzPDinLr9eUt3J/t7V6FgNEw9QjvBPdysz9KfQDD41fQrC2Y4vKQdiaUpFT4bXlb1RHhLpp8wtm6M5TgSw==",
      "dev": true,
      "license": "Apache-2.0",
      "bin": {
        "tsc": "bin/tsc",
        "tsserver": "bin/tsserver"
      },
      "engines": {
        "node": ">=14.17"
      }
    }
  }
}
