{
  "name": "@shapeshift-labs/frontier-lang-compiler",
  "version": "0.2.0",
  "lockfileVersion": 3,
  "requires": true,
  "packages": {
    "": {
      "name": "@shapeshift-labs/frontier-lang-compiler",
      "version": "0.2.0",
      "license": "MIT",
      "dependencies": {
        "@shapeshift-labs/frontier-lang-c": "0.2.0",
        "@shapeshift-labs/frontier-lang-checker": "0.3.0",
        "@shapeshift-labs/frontier-lang-javascript": "0.2.0",
        "@shapeshift-labs/frontier-lang-kernel": "0.3.0",
        "@shapeshift-labs/frontier-lang-parser": "0.3.0",
        "@shapeshift-labs/frontier-lang-python": "0.2.0",
        "@shapeshift-labs/frontier-lang-rust": "0.2.0",
        "@shapeshift-labs/frontier-lang-typescript": "0.3.0"
      }
    },
    "../-shapeshift-labs-frontier-lang-c": {
      "name": "@shapeshift-labs/frontier-lang-c",
      "version": "0.1.0",
      "license": "MIT",
      "dependencies": {
        "@shapeshift-labs/frontier-lang-kernel": "0.2.0"
      }
    },
    "../-shapeshift-labs-frontier-lang-c/node_modules/@shapeshift-labs/frontier-lang-kernel": {
      "resolved": "../-shapeshift-labs-frontier-lang-kernel",
      "link": true
    },
    "../-shapeshift-labs-frontier-lang-checker": {
      "name": "@shapeshift-labs/frontier-lang-checker",
      "version": "0.2.0",
      "license": "MIT",
      "dependencies": {
        "@shapeshift-labs/frontier-lang-kernel": "0.2.0"
      }
    },
    "../-shapeshift-labs-frontier-lang-checker/node_modules/@shapeshift-labs/frontier-lang-kernel": {
      "resolved": "../-shapeshift-labs-frontier-lang-kernel",
      "link": true
    },
    "../-shapeshift-labs-frontier-lang-javascript": {
      "name": "@shapeshift-labs/frontier-lang-javascript",
      "version": "0.1.0",
      "license": "MIT",
      "dependencies": {
        "@shapeshift-labs/frontier-lang-kernel": "0.2.0"
      }
    },
    "../-shapeshift-labs-frontier-lang-javascript/node_modules/@shapeshift-labs/frontier-lang-kernel": {
      "resolved": "../-shapeshift-labs-frontier-lang-kernel",
      "link": true
    },
    "../-shapeshift-labs-frontier-lang-kernel": {
      "name": "@shapeshift-labs/frontier-lang-kernel",
      "version": "0.2.0",
      "license": "MIT"
    },
    "../-shapeshift-labs-frontier-lang-parser": {
      "name": "@shapeshift-labs/frontier-lang-parser",
      "version": "0.2.0",
      "license": "MIT",
      "dependencies": {
        "@shapeshift-labs/frontier-lang-kernel": "0.2.0"
      }
    },
    "../-shapeshift-labs-frontier-lang-parser/node_modules/@shapeshift-labs/frontier-lang-kernel": {
      "resolved": "../-shapeshift-labs-frontier-lang-kernel",
      "link": true
    },
    "../-shapeshift-labs-frontier-lang-python": {
      "name": "@shapeshift-labs/frontier-lang-python",
      "version": "0.1.0",
      "license": "MIT",
      "dependencies": {
        "@shapeshift-labs/frontier-lang-kernel": "0.2.0"
      }
    },
    "../-shapeshift-labs-frontier-lang-python/node_modules/@shapeshift-labs/frontier-lang-kernel": {
      "resolved": "../-shapeshift-labs-frontier-lang-kernel",
      "link": true
    },
    "../-shapeshift-labs-frontier-lang-rust": {
      "name": "@shapeshift-labs/frontier-lang-rust",
      "version": "0.1.0",
      "license": "MIT",
      "dependencies": {
        "@shapeshift-labs/frontier-lang-kernel": "0.2.0"
      }
    },
    "../-shapeshift-labs-frontier-lang-rust/node_modules/@shapeshift-labs/frontier-lang-kernel": {
      "resolved": "../-shapeshift-labs-frontier-lang-kernel",
      "link": true
    },
    "../-shapeshift-labs-frontier-lang-typescript": {
      "name": "@shapeshift-labs/frontier-lang-typescript",
      "version": "0.2.0",
      "license": "MIT",
      "dependencies": {
        "@shapeshift-labs/frontier-lang-kernel": "0.2.0"
      }
    },
    "../-shapeshift-labs-frontier-lang-typescript/node_modules/@shapeshift-labs/frontier-lang-kernel": {
      "resolved": "../-shapeshift-labs-frontier-lang-kernel",
      "link": true
    },
    "node_modules/@shapeshift-labs/frontier-lang-c": {
      "resolved": "../-shapeshift-labs-frontier-lang-c",
      "link": true
    },
    "node_modules/@shapeshift-labs/frontier-lang-checker": {
      "resolved": "../-shapeshift-labs-frontier-lang-checker",
      "link": true
    },
    "node_modules/@shapeshift-labs/frontier-lang-javascript": {
      "resolved": "../-shapeshift-labs-frontier-lang-javascript",
      "link": true
    },
    "node_modules/@shapeshift-labs/frontier-lang-kernel": {
      "resolved": "../-shapeshift-labs-frontier-lang-kernel",
      "link": true
    },
    "node_modules/@shapeshift-labs/frontier-lang-parser": {
      "resolved": "../-shapeshift-labs-frontier-lang-parser",
      "link": true
    },
    "node_modules/@shapeshift-labs/frontier-lang-python": {
      "resolved": "../-shapeshift-labs-frontier-lang-python",
      "link": true
    },
    "node_modules/@shapeshift-labs/frontier-lang-rust": {
      "resolved": "../-shapeshift-labs-frontier-lang-rust",
      "link": true
    },
    "node_modules/@shapeshift-labs/frontier-lang-typescript": {
      "resolved": "../-shapeshift-labs-frontier-lang-typescript",
      "link": true
    }
  }
}
