{
  "name": "@shapeshift-labs/frontier-lang-compiler",
  "version": "0.2.6",
  "lockfileVersion": 3,
  "requires": true,
  "packages": {
    "": {
      "name": "@shapeshift-labs/frontier-lang-compiler",
      "version": "0.2.6",
      "license": "MIT",
      "dependencies": {
        "@shapeshift-labs/frontier-lang-c": "0.2.2",
        "@shapeshift-labs/frontier-lang-checker": "0.3.2",
        "@shapeshift-labs/frontier-lang-javascript": "0.2.2",
        "@shapeshift-labs/frontier-lang-kernel": "0.3.2",
        "@shapeshift-labs/frontier-lang-parser": "0.3.2",
        "@shapeshift-labs/frontier-lang-python": "0.2.2",
        "@shapeshift-labs/frontier-lang-rust": "0.2.2",
        "@shapeshift-labs/frontier-lang-typescript": "0.3.2"
      },
      "devDependencies": {
        "typescript": "^5.9.3"
      }
    },
    "node_modules/@shapeshift-labs/frontier-lang-c": {
      "version": "0.2.2",
      "resolved": "https://registry.npmjs.org/@shapeshift-labs/frontier-lang-c/-/frontier-lang-c-0.2.2.tgz",
      "integrity": "sha512-oG2/VYazhdlKH7r2liz/njQxfQB/USK40T1ZMqaEa2jX7NZBrrKr0s/5+q404mR8T2yF5N+HgSWSk6430BQenQ==",
      "license": "MIT",
      "dependencies": {
        "@shapeshift-labs/frontier-lang-kernel": "0.3.2"
      }
    },
    "node_modules/@shapeshift-labs/frontier-lang-checker": {
      "version": "0.3.2",
      "resolved": "https://registry.npmjs.org/@shapeshift-labs/frontier-lang-checker/-/frontier-lang-checker-0.3.2.tgz",
      "integrity": "sha512-zWqz/kt1IPb56/kNegYpZXUAjt6jNc6wFU4Z5l2Xe29GCXAdpVdMMSx7dHbHlbe2da34iPfw5vNO8IB7UL3N0w==",
      "license": "MIT",
      "dependencies": {
        "@shapeshift-labs/frontier-lang-kernel": "0.3.2"
      }
    },
    "node_modules/@shapeshift-labs/frontier-lang-javascript": {
      "version": "0.2.2",
      "resolved": "https://registry.npmjs.org/@shapeshift-labs/frontier-lang-javascript/-/frontier-lang-javascript-0.2.2.tgz",
      "integrity": "sha512-UP1tPcUsh7p7m0sCkcvRq6hu6x1Iim3BA7LpxBm+1DfgLSZ5qilQiGI3l9KsSX4uKXHt+2IrtEJMFqbCAjBmJw==",
      "license": "MIT",
      "dependencies": {
        "@shapeshift-labs/frontier-lang-kernel": "0.3.2"
      }
    },
    "node_modules/@shapeshift-labs/frontier-lang-kernel": {
      "version": "0.3.2",
      "resolved": "https://registry.npmjs.org/@shapeshift-labs/frontier-lang-kernel/-/frontier-lang-kernel-0.3.2.tgz",
      "integrity": "sha512-QeB1XX3X0jybfd43O610Fg1QgzF+IooRvacJQvkKdYe4zzaWqfag387zMVAn1qHvmFn1sM8Aai/d0+DH/m5uoA==",
      "license": "MIT"
    },
    "node_modules/@shapeshift-labs/frontier-lang-parser": {
      "version": "0.3.2",
      "resolved": "https://registry.npmjs.org/@shapeshift-labs/frontier-lang-parser/-/frontier-lang-parser-0.3.2.tgz",
      "integrity": "sha512-DEv7hXmcXKzCXlCocQmpxTRUGS7tcAhswykw6PsnDLIQl8KrmOKM2N88dhQnRqp94YGoI22i0vW2b8XlzgB/mg==",
      "license": "MIT",
      "dependencies": {
        "@shapeshift-labs/frontier-lang-kernel": "0.3.2"
      }
    },
    "node_modules/@shapeshift-labs/frontier-lang-python": {
      "version": "0.2.2",
      "resolved": "https://registry.npmjs.org/@shapeshift-labs/frontier-lang-python/-/frontier-lang-python-0.2.2.tgz",
      "integrity": "sha512-ajYzpj065MvfI6oW1vTIJK1N7O7S14INhqKGuwBfPkdEZOIWROcwhWRRH1xMF/B0w4x0DgYo1ounEiwmgi4nGg==",
      "license": "MIT",
      "dependencies": {
        "@shapeshift-labs/frontier-lang-kernel": "0.3.2"
      }
    },
    "node_modules/@shapeshift-labs/frontier-lang-rust": {
      "version": "0.2.2",
      "resolved": "https://registry.npmjs.org/@shapeshift-labs/frontier-lang-rust/-/frontier-lang-rust-0.2.2.tgz",
      "integrity": "sha512-7smz9Oxl52tMwK9s/mgyygZrGWc/6letgQCQdtFcyl6uqSOeuXVnvvPuvHtcdH8jKG95WwVlcd00/2oznim+0w==",
      "license": "MIT",
      "dependencies": {
        "@shapeshift-labs/frontier-lang-kernel": "0.3.2"
      }
    },
    "node_modules/@shapeshift-labs/frontier-lang-typescript": {
      "version": "0.3.2",
      "resolved": "https://registry.npmjs.org/@shapeshift-labs/frontier-lang-typescript/-/frontier-lang-typescript-0.3.2.tgz",
      "integrity": "sha512-N6IMsmPyIrwTKo91mFzUAebg4C0YvaTUMDouLtR2OJGgI/OM42333gaTJaCOO0ty/FLjU2NkuL5zbFfCRAy3pA==",
      "license": "MIT",
      "dependencies": {
        "@shapeshift-labs/frontier-lang-kernel": "0.3.2"
      }
    },
    "node_modules/typescript": {
      "version": "5.9.3",
      "resolved": "https://registry.npmjs.org/typescript/-/typescript-5.9.3.tgz",
      "integrity": "sha512-jl1vZzPDinLr9eUt3J/t7V6FgNEw9QjvBPdysz9KfQDD41fQrC2Y4vKQdiaUpFT4bXlb1RHhLpp8wtm6M5TgSw==",
      "dev": true,
      "license": "Apache-2.0",
      "bin": {
        "tsc": "bin/tsc",
        "tsserver": "bin/tsserver"
      },
      "engines": {
        "node": ">=14.17"
      }
    }
  }
}
